
Microsoft Visual Studio Solution File, Format Version 12.00
# Visual Studio 14
VisualStudioVersion = 14.0.24720.0
MinimumVisualStudioVersion = 10.0.40219.1
Project("{FAE04EC0-301F-11D3-BF4B-00C04F79EFBC}") = "MyInsuranceCompany", "MyInsuranceCompany\MyInsuranceCompany.csproj", "{15F6149A-2F89-4E8A-9496-6E0E7BD02749}"
EndProject
Project("{FAE04EC0-301F-11D3-BF4B-00C04F79EFBC}") = "ConsoleApplication1", "ConsoleApplication1\ConsoleApplication1.csproj", "{9E77C330-B402-418E-B496-8C30E41BBD8E}"
EndProject
Project("{FAE04EC0-301F-11D3-BF4B-00C04F79EFBC}") = "MyInsuranceCompany.Test", "MyInsuranceCompany.Test\MyInsuranceCompany.Test.csproj", "{0CD2909B-C7F0-4232-8DA9-29F677B53855}"
EndProject
Global
	GlobalSection(SolutionConfigurationPlatforms) = preSolution
		Debug|Any CPU = Debug|Any CPU
		Release|Any CPU = Release|Any CPU
	EndGlobalSection
	GlobalSection(ProjectConfigurationPlatforms) = postSolution
		{15F6149A-2F89-4E8A-9496-6E0E7BD02749}.Debug|Any CPU.ActiveCfg = Debug|Any CPU
		{15F6149A-2F89-4E8A-9496-6E0E7BD02749}.Debug|Any CPU.Build.0 = Debug|Any CPU
		{15F6149A-2F89-4E8A-9496-6E0E7BD02749}.Release|Any CPU.ActiveCfg = Release|Any CPU
		{15F6149A-2F89-4E8A-9496-6E0E7BD02749}.Release|Any CPU.Build.0 = Release|Any CPU
		{9E77C330-B402-418E-B496-8C30E41BBD8E}.Debug|Any CPU.ActiveCfg = Debug|Any CPU
		{9E77C330-B402-418E-B496-8C30E41BBD8E}.Debug|Any CPU.Build.0 = Debug|Any CPU
		{9E77C330-B402-418E-B496-8C30E41BBD8E}.Release|Any CPU.ActiveCfg = Release|Any CPU
		{9E77C330-B402-418E-B496-8C30E41BBD8E}.Release|Any CPU.Build.0 = Release|Any CPU
		{0CD2909B-C7F0-4232-8DA9-29F677B53855}.Debug|Any CPU.ActiveCfg = Debug|Any CPU
		{0CD2909B-C7F0-4232-8DA9-29F677B53855}.Debug|Any CPU.Build.0 = Debug|Any CPU
		{0CD2909B-C7F0-4232-8DA9-29F677B53855}.Release|Any CPU.ActiveCfg = Release|Any CPU
		{0CD2909B-C7F0-4232-8DA9-29F677B53855}.Release|Any CPU.Build.0 = Release|Any CPU
	EndGlobalSection
	GlobalSection(SolutionProperties) = preSolution
		HideSolutionNode = FALSE
	EndGlobalSection
EndGlobal
